
Microsoft Visual Studio Solution File, Format Version 12.00
# Visual Studio 15
VisualStudioVersion = 15.0.26730.16
MinimumVisualStudioVersion = 10.0.40219.1
Project("{FAE04EC0-301F-11D3-BF4B-00C04F79EFBC}") = "App5.Android", "App5\App5.Android\App5.Android.csproj", "{47A61025-3642-466C-9D5B-96479703AA5D}"
EndProject
Project("{FAE04EC0-301F-11D3-BF4B-00C04F79EFBC}") = "App5", "App5\App5\App5.csproj", "{4D24ADBA-AEBF-4042-AE85-DD4E14D45574}"
EndProject
Project("{FAE04EC0-301F-11D3-BF4B-00C04F79EFBC}") = "App5.UWP", "App5\App5.UWP\App5.UWP.csproj", "{7D4CAB7B-0BE3-49EC-B3CC-5BED97B8AD18}"
EndProject
Project("{FAE04EC0-301F-11D3-BF4B-00C04F79EFBC}") = "App5.iOS", "App5\App5.iOS\App5.iOS.csproj", "{9623E251-07E5-4DA9-A653-C4B4B787806D}"
EndProject
Global
	GlobalSection(SolutionConfigurationPlatforms) = preSolution
		Ad-Hoc|Any CPU = Ad-Hoc|Any CPU
		Ad-Hoc|ARM = Ad-Hoc|ARM
		Ad-Hoc|iPhone = Ad-Hoc|iPhone
		Ad-Hoc|iPhoneSimulator = Ad-Hoc|iPhoneSimulator
		Ad-Hoc|x64 = Ad-Hoc|x64
		Ad-Hoc|x86 = Ad-Hoc|x86
		AppStore|Any CPU = AppStore|Any CPU
		AppStore|ARM = AppStore|ARM
		AppStore|iPhone = AppStore|iPhone
		AppStore|iPhoneSimulator = AppStore|iPhoneSimulator
		AppStore|x64 = AppStore|x64
		AppStore|x86 = AppStore|x86
		Debug|Any CPU = Debug|Any CPU
		Debug|ARM = Debug|ARM
		Debug|iPhone = Debug|iPhone
		Debug|iPhoneSimulator = Debug|iPhoneSimulator
		Debug|x64 = Debug|x64
		Debug|x86 = Debug|x86
		Release|Any CPU = Release|Any CPU
		Release|ARM = Release|ARM
		Release|iPhone = Release|iPhone
		Release|iPhoneSimulator = Release|iPhoneSimulator
		Release|x64 = Release|x64
		Release|x86 = Release|x86
	EndGlobalSection
	GlobalSection(ProjectConfigurationPlatforms) = postSolution
		{47A61025-3642-466C-9D5B-96479703AA5D}.Ad-Hoc|Any CPU.ActiveCfg = Release|Any CPU
		{47A61025-3642-466C-9D5B-96479703AA5D}.Ad-Hoc|Any CPU.Build.0 = Release|Any CPU
		{47A61025-3642-466C-9D5B-96479703AA5D}.Ad-Hoc|Any CPU.Deploy.0 = Release|Any CPU
		{47A61025-3642-466C-9D5B-96479703AA5D}.Ad-Hoc|ARM.ActiveCfg = Release|Any CPU
		{47A61025-3642-466C-9D5B-96479703AA5D}.Ad-Hoc|ARM.Build.0 = Release|Any CPU
		{47A61025-3642-466C-9D5B-96479703AA5D}.Ad-Hoc|ARM.Deploy.0 = Release|Any CPU
		{47A61025-3642-466C-9D5B-96479703AA5D}.Ad-Hoc|iPhone.ActiveCfg = Release|Any CPU
		{47A61025-3642-466C-9D5B-96479703AA5D}.Ad-Hoc|iPhone.Build.0 = Release|Any CPU
		{47A61025-3642-466C-9D5B-96479703AA5D}.Ad-Hoc|iPhone.Deploy.0 = Release|Any CPU
		{47A61025-3642-466C-9D5B-96479703AA5D}.Ad-Hoc|iPhoneSimulator.ActiveCfg = Release|Any CPU
		{47A61025-3642-466C-9D5B-96479703AA5D}.Ad-Hoc|iPhoneSimulator.Build.0 = Release|Any CPU
		{47A61025-3642-466C-9D5B-96479703AA5D}.Ad-Hoc|iPhoneSimulator.Deploy.0 = Release|Any CPU
		{47A61025-3642-466C-9D5B-96479703AA5D}.Ad-Hoc|x64.ActiveCfg = Release|Any CPU
		{47A61025-3642-466C-9D5B-96479703AA5D}.Ad-Hoc|x64.Build.0 = Release|Any CPU
		{47A61025-3642-466C-9D5B-96479703AA5D}.Ad-Hoc|x64.Deploy.0 = Release|Any CPU
		{47A61025-3642-466C-9D5B-96479703AA5D}.Ad-Hoc|x86.ActiveCfg = Release|Any CPU
		{47A61025-3642-466C-9D5B-96479703AA5D}.Ad-Hoc|x86.Build.0 = Release|Any CPU
		{47A61025-3642-466C-9D5B-96479703AA5D}.Ad-Hoc|x86.Deploy.0 = Release|Any CPU
		{47A61025-3642-466C-9D5B-96479703AA5D}.AppStore|Any CPU.ActiveCfg = Release|Any CPU
		{47A61025-3642-466C-9D5B-96479703AA5D}.AppStore|Any CPU.Build.0 = Release|Any CPU
		{47A61025-3642-466C-9D5B-96479703AA5D}.AppStore|Any CPU.Deploy.0 = Release|Any CPU
		{47A61025-3642-466C-9D5B-96479703AA5D}.AppStore|ARM.ActiveCfg = Release|Any CPU
		{47A61025-3642-466C-9D5B-96479703AA5D}.AppStore|ARM.Build.0 = Release|Any CPU
		{47A61025-3642-466C-9D5B-96479703AA5D}.AppStore|ARM.Deploy.0 = Release|Any CPU
		{47A61025-3642-466C-9D5B-96479703AA5D}.AppStore|iPhone.ActiveCfg = Release|Any CPU
		{47A61025-3642-466C-9D5B-96479703AA5D}.AppStore|iPhone.Build.0 = Release|Any CPU
		{47A61025-3642-466C-9D5B-96479703AA5D}.AppStore|iPhone.Deploy.0 = Release|Any CPU
		{47A61025-3642-466C-9D5B-96479703AA5D}.AppStore|iPhoneSimulator.ActiveCfg = Release|Any CPU
		{47A61025-3642-466C-9D5B-96479703AA5D}.AppStore|iPhoneSimulator.Build.0 = Release|Any CPU
		{47A61025-3642-466C-9D5B-96479703AA5D}.AppStore|iPhoneSimulator.Deploy.0 = Release|Any CPU
		{47A61025-3642-466C-9D5B-96479703AA5D}.AppStore|x64.ActiveCfg = Release|Any CPU
		{47A61025-3642-466C-9D5B-96479703AA5D}.AppStore|x64.Build.0 = Release|Any CPU
		{47A61025-3642-466C-9D5B-96479703AA5D}.AppStore|x64.Deploy.0 = Release|Any CPU
		{47A61025-3642-466C-9D5B-96479703AA5D}.AppStore|x86.ActiveCfg = Release|Any CPU
		{47A61025-3642-466C-9D5B-96479703AA5D}.AppStore|x86.Build.0 = Release|Any CPU
		{47A61025-3642-466C-9D5B-96479703AA5D}.AppStore|x86.Deploy.0 = Release|Any CPU
		{47A61025-3642-466C-9D5B-96479703AA5D}.Debug|Any CPU.ActiveCfg = Debug|Any CPU
		{47A61025-3642-466C-9D5B-96479703AA5D}.Debug|Any CPU.Build.0 = Debug|Any CPU
		{47A61025-3642-466C-9D5B-96479703AA5D}.Debug|Any CPU.Deploy.0 = Debug|Any CPU
		{47A61025-3642-466C-9D5B-96479703AA5D}.Debug|ARM.ActiveCfg = Debug|Any CPU
		{47A61025-3642-466C-9D5B-96479703AA5D}.Debug|ARM.Build.0 = Debug|Any CPU
		{47A61025-3642-466C-9D5B-96479703AA5D}.Debug|ARM.Deploy.0 = Debug|Any CPU
		{47A61025-3642-466C-9D5B-96479703AA5D}.Debug|iPhone.ActiveCfg = Debug|Any CPU
		{47A61025-3642-466C-9D5B-96479703AA5D}.Debug|iPhone.Build.0 = Debug|Any CPU
		{47A61025-3642-466C-9D5B-96479703AA5D}.Debug|iPhone.Deploy.0 = Debug|Any CPU
		{47A61025-3642-466C-9D5B-96479703AA5D}.Debug|iPhoneSimulator.ActiveCfg = Debug|Any CPU
		{47A61025-3642-466C-9D5B-96479703AA5D}.Debug|iPhoneSimulator.Build.0 = Debug|Any CPU
		{47A61025-3642-466C-9D5B-96479703AA5D}.Debug|iPhoneSimulator.Deploy.0 = Debug|Any CPU
		{47A61025-3642-466C-9D5B-96479703AA5D}.Debug|x64.ActiveCfg = Debug|Any CPU
		{47A61025-3642-466C-9D5B-96479703AA5D}.Debug|x64.Build.0 = Debug|Any CPU
		{47A61025-3642-466C-9D5B-96479703AA5D}.Debug|x64.Deploy.0 = Debug|Any CPU
		{47A61025-3642-466C-9D5B-96479703AA5D}.Debug|x86.ActiveCfg = Debug|Any CPU
		{47A61025-3642-466C-9D5B-96479703AA5D}.Debug|x86.Build.0 = Debug|Any CPU
		{47A61025-3642-466C-9D5B-96479703AA5D}.Debug|x86.Deploy.0 = Debug|Any CPU
		{47A61025-3642-466C-9D5B-96479703AA5D}.Release|Any CPU.ActiveCfg = Release|Any CPU
		{47A61025-3642-466C-9D5B-96479703AA5D}.Release|Any CPU.Build.0 = Release|Any CPU
		{47A61025-3642-466C-9D5B-96479703AA5D}.Release|Any CPU.Deploy.0 = Release|Any CPU
		{47A61025-3642-466C-9D5B-96479703AA5D}.Release|ARM.ActiveCfg = Release|Any CPU
		{47A61025-3642-466C-9D5B-96479703AA5D}.Release|ARM.Build.0 = Release|Any CPU
		{47A61025-3642-466C-9D5B-96479703AA5D}.Release|ARM.Deploy.0 = Release|Any CPU
		{47A61025-3642-466C-9D5B-96479703AA5D}.Release|iPhone.ActiveCfg = Release|Any CPU
		{47A61025-3642-466C-9D5B-96479703AA5D}.Release|iPhone.Build.0 = Release|Any CPU
		{47A61025-3642-466C-9D5B-96479703AA5D}.Release|iPhone.Deploy.0 = Release|Any CPU
		{47A61025-3642-466C-9D5B-96479703AA5D}.Release|iPhoneSimulator.ActiveCfg = Release|Any CPU
		{47A61025-3642-466C-9D5B-96479703AA5D}.Release|iPhoneSimulator.Build.0 = Release|Any CPU
		{47A61025-3642-466C-9D5B-96479703AA5D}.Release|iPhoneSimulator.Deploy.0 = Release|Any CPU
		{47A61025-3642-466C-9D5B-96479703AA5D}.Release|x64.ActiveCfg = Release|Any CPU
		{47A61025-3642-466C-9D5B-96479703AA5D}.Release|x64.Build.0 = Release|Any CPU
		{47A61025-3642-466C-9D5B-96479703AA5D}.Release|x64.Deploy.0 = Release|Any CPU
		{47A61025-3642-466C-9D5B-96479703AA5D}.Release|x86.ActiveCfg = Release|Any CPU
		{47A61025-3642-466C-9D5B-96479703AA5D}.Release|x86.Build.0 = Release|Any CPU
		{47A61025-3642-466C-9D5B-96479703AA5D}.Release|x86.Deploy.0 = Release|Any CPU
		{4D24ADBA-AEBF-4042-AE85-DD4E14D45574}.Ad-Hoc|Any CPU.ActiveCfg = Release|Any CPU
		{4D24ADBA-AEBF-4042-AE85-DD4E14D45574}.Ad-Hoc|Any CPU.Build.0 = Release|Any CPU
		{4D24ADBA-AEBF-4042-AE85-DD4E14D45574}.Ad-Hoc|ARM.ActiveCfg = Release|Any CPU
		{4D24ADBA-AEBF-4042-AE85-DD4E14D45574}.Ad-Hoc|ARM.Build.0 = Release|Any CPU
		{4D24ADBA-AEBF-4042-AE85-DD4E14D45574}.Ad-Hoc|iPhone.ActiveCfg = Release|Any CPU
		{4D24ADBA-AEBF-4042-AE85-DD4E14D45574}.Ad-Hoc|iPhone.Build.0 = Release|Any CPU
		{4D24ADBA-AEBF-4042-AE85-DD4E14D45574}.Ad-Hoc|iPhoneSimulator.ActiveCfg = Release|Any CPU
		{4D24ADBA-AEBF-4042-AE85-DD4E14D45574}.Ad-Hoc|iPhoneSimulator.Build.0 = Release|Any CPU
		{4D24ADBA-AEBF-4042-AE85-DD4E14D45574}.Ad-Hoc|x64.ActiveCfg = Release|Any CPU
		{4D24ADBA-AEBF-4042-AE85-DD4E14D45574}.Ad-Hoc|x64.Build.0 = Release|Any CPU
		{4D24ADBA-AEBF-4042-AE85-DD4E14D45574}.Ad-Hoc|x86.ActiveCfg = Release|Any CPU
		{4D24ADBA-AEBF-4042-AE85-DD4E14D45574}.Ad-Hoc|x86.Build.0 = Release|Any CPU
		{4D24ADBA-AEBF-4042-AE85-DD4E14D45574}.AppStore|Any CPU.ActiveCfg = Release|Any CPU
		{4D24ADBA-AEBF-4042-AE85-DD4E14D45574}.AppStore|Any CPU.Build.0 = Release|Any CPU
		{4D24ADBA-AEBF-4042-AE85-DD4E14D45574}.AppStore|ARM.ActiveCfg = Release|Any CPU
		{4D24ADBA-AEBF-4042-AE85-DD4E14D45574}.AppStore|ARM.Build.0 = Release|Any CPU
		{4D24ADBA-AEBF-4042-AE85-DD4E14D45574}.AppStore|iPhone.ActiveCfg = Release|Any CPU
		{4D24ADBA-AEBF-4042-AE85-DD4E14D45574}.AppStore|iPhone.Build.0 = Release|Any CPU
		{4D24ADBA-AEBF-4042-AE85-DD4E14D45574}.AppStore|iPhoneSimulator.ActiveCfg = Release|Any CPU
		{4D24ADBA-AEBF-4042-AE85-DD4E14D45574}.AppStore|iPhoneSimulator.Build.0 = Release|Any CPU
		{4D24ADBA-AEBF-4042-AE85-DD4E14D45574}.AppStore|x64.ActiveCfg = Release|Any CPU
		{4D24ADBA-AEBF-4042-AE85-DD4E14D45574}.AppStore|x64.Build.0 = Release|Any CPU
		{4D24ADBA-AEBF-4042-AE85-DD4E14D45574}.AppStore|x86.ActiveCfg = Release|Any CPU
		{4D24ADBA-AEBF-4042-AE85-DD4E14D45574}.AppStore|x86.Build.0 = Release|Any CPU
		{4D24ADBA-AEBF-4042-AE85-DD4E14D45574}.Debug|Any CPU.ActiveCfg = Debug|Any CPU
		{4D24ADBA-AEBF-4042-AE85-DD4E14D45574}.Debug|Any CPU.Build.0 = Debug|Any CPU
		{4D24ADBA-AEBF-4042-AE85-DD4E14D45574}.Debug|ARM.ActiveCfg = Debug|Any CPU
		{4D24ADBA-AEBF-4042-AE85-DD4E14D45574}.Debug|ARM.Build.0 = Debug|Any CPU
		{4D24ADBA-AEBF-4042-AE85-DD4E14D45574}.Debug|iPhone.ActiveCfg = Debug|Any CPU
		{4D24ADBA-AEBF-4042-AE85-DD4E14D45574}.Debug|iPhone.Build.0 = Debug|Any CPU
		{4D24ADBA-AEBF-4042-AE85-DD4E14D45574}.Debug|iPhoneSimulator.ActiveCfg = Debug|Any CPU
		{4D24ADBA-AEBF-4042-AE85-DD4E14D45574}.Debug|iPhoneSimulator.Build.0 = Debug|Any CPU
		{4D24ADBA-AEBF-4042-AE85-DD4E14D45574}.Debug|x64.ActiveCfg = Debug|Any CPU
		{4D24ADBA-AEBF-4042-AE85-DD4E14D45574}.Debug|x64.Build.0 = Debug|Any CPU
		{4D24ADBA-AEBF-4042-AE85-DD4E14D45574}.Debug|x86.ActiveCfg = Debug|Any CPU
		{4D24ADBA-AEBF-4042-AE85-DD4E14D45574}.Debug|x86.Build.0 = Debug|Any CPU
		{4D24ADBA-AEBF-4042-AE85-DD4E14D45574}.Release|Any CPU.ActiveCfg = Release|Any CPU
		{4D24ADBA-AEBF-4042-AE85-DD4E14D45574}.Release|Any CPU.Build.0 = Release|Any CPU
		{4D24ADBA-AEBF-4042-AE85-DD4E14D45574}.Release|ARM.ActiveCfg = Release|Any CPU
		{4D24ADBA-AEBF-4042-AE85-DD4E14D45574}.Release|ARM.Build.0 = Release|Any CPU
		{4D24ADBA-AEBF-4042-AE85-DD4E14D45574}.Release|iPhone.ActiveCfg = Release|Any CPU
		{4D24ADBA-AEBF-4042-AE85-DD4E14D45574}.Release|iPhone.Build.0 = Release|Any CPU
		{4D24ADBA-AEBF-4042-AE85-DD4E14D45574}.Release|iPhoneSimulator.ActiveCfg = Release|Any CPU
		{4D24ADBA-AEBF-4042-AE85-DD4E14D45574}.Release|iPhoneSimulator.Build.0 = Release|Any CPU
		{4D24ADBA-AEBF-4042-AE85-DD4E14D45574}.Release|x64.ActiveCfg = Release|Any CPU
		{4D24ADBA-AEBF-4042-AE85-DD4E14D45574}.Release|x64.Build.0 = Release|Any CPU
		{4D24ADBA-AEBF-4042-AE85-DD4E14D45574}.Release|x86.ActiveCfg = Release|Any CPU
		{4D24ADBA-AEBF-4042-AE85-DD4E14D45574}.Release|x86.Build.0 = Release|Any CPU
		{7D4CAB7B-0BE3-49EC-B3CC-5BED97B8AD18}.Ad-Hoc|Any CPU.ActiveCfg = Release|x86
		{7D4CAB7B-0BE3-49EC-B3CC-5BED97B8AD18}.Ad-Hoc|Any CPU.Build.0 = Release|x86
		{7D4CAB7B-0BE3-49EC-B3CC-5BED97B8AD18}.Ad-Hoc|Any CPU.Deploy.0 = Release|x86
		{7D4CAB7B-0BE3-49EC-B3CC-5BED97B8AD18}.Ad-Hoc|ARM.ActiveCfg = Release|ARM
		{7D4CAB7B-0BE3-49EC-B3CC-5BED97B8AD18}.Ad-Hoc|ARM.Build.0 = Release|ARM
		{7D4CAB7B-0BE3-49EC-B3CC-5BED97B8AD18}.Ad-Hoc|ARM.Deploy.0 = Release|ARM
		{7D4CAB7B-0BE3-49EC-B3CC-5BED97B8AD18}.Ad-Hoc|iPhone.ActiveCfg = Release|x86
		{7D4CAB7B-0BE3-49EC-B3CC-5BED97B8AD18}.Ad-Hoc|iPhone.Build.0 = Release|x86
		{7D4CAB7B-0BE3-49EC-B3CC-5BED97B8AD18}.Ad-Hoc|iPhone.Deploy.0 = Release|x86
		{7D4CAB7B-0BE3-49EC-B3CC-5BED97B8AD18}.Ad-Hoc|iPhoneSimulator.ActiveCfg = Release|x86
		{7D4CAB7B-0BE3-49EC-B3CC-5BED97B8AD18}.Ad-Hoc|iPhoneSimulator.Build.0 = Release|x86
		{7D4CAB7B-0BE3-49EC-B3CC-5BED97B8AD18}.Ad-Hoc|iPhoneSimulator.Deploy.0 = Release|x86
		{7D4CAB7B-0BE3-49EC-B3CC-5BED97B8AD18}.Ad-Hoc|x64.ActiveCfg = Release|x64
		{7D4CAB7B-0BE3-49EC-B3CC-5BED97B8AD18}.Ad-Hoc|x64.Build.0 = Release|x64
		{7D4CAB7B-0BE3-49EC-B3CC-5BED97B8AD18}.Ad-Hoc|x64.Deploy.0 = Release|x64
		{7D4CAB7B-0BE3-49EC-B3CC-5BED97B8AD18}.Ad-Hoc|x86.ActiveCfg = Release|x86
		{7D4CAB7B-0BE3-49EC-B3CC-5BED97B8AD18}.Ad-Hoc|x86.Build.0 = Release|x86
		{7D4CAB7B-0BE3-49EC-B3CC-5BED97B8AD18}.Ad-Hoc|x86.Deploy.0 = Release|x86
		{7D4CAB7B-0BE3-49EC-B3CC-5BED97B8AD18}.AppStore|Any CPU.ActiveCfg = Release|x86
		{7D4CAB7B-0BE3-49EC-B3CC-5BED97B8AD18}.AppStore|Any CPU.Build.0 = Release|x86
		{7D4CAB7B-0BE3-49EC-B3CC-5BED97B8AD18}.AppStore|Any CPU.Deploy.0 = Release|x86
		{7D4CAB7B-0BE3-49EC-B3CC-5BED97B8AD18}.AppStore|ARM.ActiveCfg = Release|ARM
		{7D4CAB7B-0BE3-49EC-B3CC-5BED97B8AD18}.AppStore|ARM.Build.0 = Release|ARM
		{7D4CAB7B-0BE3-49EC-B3CC-5BED97B8AD18}.AppStore|ARM.Deploy.0 = Release|ARM
		{7D4CAB7B-0BE3-49EC-B3CC-5BED97B8AD18}.AppStore|iPhone.ActiveCfg = Release|x86
		{7D4CAB7B-0BE3-49EC-B3CC-5BED97B8AD18}.AppStore|iPhone.Build.0 = Release|x86
		{7D4CAB7B-0BE3-49EC-B3CC-5BED97B8AD18}.AppStore|iPhone.Deploy.0 = Release|x86
		{7D4CAB7B-0BE3-49EC-B3CC-5BED97B8AD18}.AppStore|iPhoneSimulator.ActiveCfg = Release|x86
		{7D4CAB7B-0BE3-49EC-B3CC-5BED97B8AD18}.AppStore|iPhoneSimulator.Build.0 = Release|x86
		{7D4CAB7B-0BE3-49EC-B3CC-5BED97B8AD18}.AppStore|iPhoneSimulator.Deploy.0 = Release|x86
		{7D4CAB7B-0BE3-49EC-B3CC-5BED97B8AD18}.AppStore|x64.ActiveCfg = Release|x64
		{7D4CAB7B-0BE3-49EC-B3CC-5BED97B8AD18}.AppStore|x64.Build.0 = Release|x64
		{7D4CAB7B-0BE3-49EC-B3CC-5BED97B8AD18}.AppStore|x64.Deploy.0 = Release|x64
		{7D4CAB7B-0BE3-49EC-B3CC-5BED97B8AD18}.AppStore|x86.ActiveCfg = Release|x86
		{7D4CAB7B-0BE3-49EC-B3CC-5BED97B8AD18}.AppStore|x86.Build.0 = Release|x86
		{7D4CAB7B-0BE3-49EC-B3CC-5BED97B8AD18}.AppStore|x86.Deploy.0 = Release|x86
		{7D4CAB7B-0BE3-49EC-B3CC-5BED97B8AD18}.Debug|Any CPU.ActiveCfg = Debug|x86
		{7D4CAB7B-0BE3-49EC-B3CC-5BED97B8AD18}.Debug|Any CPU.Build.0 = Debug|x86
		{7D4CAB7B-0BE3-49EC-B3CC-5BED97B8AD18}.Debug|ARM.ActiveCfg = Debug|ARM
		{7D4CAB7B-0BE3-49EC-B3CC-5BED97B8AD18}.Debug|ARM.Build.0 = Debug|ARM
		{7D4CAB7B-0BE3-49EC-B3CC-5BED97B8AD18}.Debug|ARM.Deploy.0 = Debug|ARM
		{7D4CAB7B-0BE3-49EC-B3CC-5BED97B8AD18}.Debug|iPhone.ActiveCfg = Debug|x86
		{7D4CAB7B-0BE3-49EC-B3CC-5BED97B8AD18}.Debug|iPhoneSimulator.ActiveCfg = Debug|x86
		{7D4CAB7B-0BE3-49EC-B3CC-5BED97B8AD18}.Debug|x64.ActiveCfg = Debug|x64
		{7D4CAB7B-0BE3-49EC-B3CC-5BED97B8AD18}.Debug|x64.Build.0 = Debug|x64
		{7D4CAB7B-0BE3-49EC-B3CC-5BED97B8AD18}.Debug|x64.Deploy.0 = Debug|x64
		{7D4CAB7B-0BE3-49EC-B3CC-5BED97B8AD18}.Debug|x86.ActiveCfg = Debug|x86
		{7D4CAB7B-0BE3-49EC-B3CC-5BED97B8AD18}.Debug|x86.Build.0 = Debug|x86
		{7D4CAB7B-0BE3-49EC-B3CC-5BED97B8AD18}.Debug|x86.Deploy.0 = Debug|x86
		{7D4CAB7B-0BE3-49EC-B3CC-5BED97B8AD18}.Release|Any CPU.ActiveCfg = Release|x86
		{7D4CAB7B-0BE3-49EC-B3CC-5BED97B8AD18}.Release|ARM.ActiveCfg = Release|ARM
		{7D4CAB7B-0BE3-49EC-B3CC-5BED97B8AD18}.Release|ARM.Build.0 = Release|ARM
		{7D4CAB7B-0BE3-49EC-B3CC-5BED97B8AD18}.Release|ARM.Deploy.0 = Release|ARM
		{7D4CAB7B-0BE3-49EC-B3CC-5BED97B8AD18}.Release|iPhone.ActiveCfg = Release|x86
		{7D4CAB7B-0BE3-49EC-B3CC-5BED97B8AD18}.Release|iPhoneSimulator.ActiveCfg = Release|x86
		{7D4CAB7B-0BE3-49EC-B3CC-5BED97B8AD18}.Release|x64.ActiveCfg = Release|x64
		{7D4CAB7B-0BE3-49EC-B3CC-5BED97B8AD18}.Release|x64.Build.0 = Release|x64
		{7D4CAB7B-0BE3-49EC-B3CC-5BED97B8AD18}.Release|x64.Deploy.0 = Release|x64
		{7D4CAB7B-0BE3-49EC-B3CC-5BED97B8AD18}.Release|x86.ActiveCfg = Release|x86
		{7D4CAB7B-0BE3-49EC-B3CC-5BED97B8AD18}.Release|x86.Build.0 = Release|x86
		{7D4CAB7B-0BE3-49EC-B3CC-5BED97B8AD18}.Release|x86.Deploy.0 = Release|x86
		{9623E251-07E5-4DA9-A653-C4B4B787806D}.Ad-Hoc|Any CPU.ActiveCfg = Ad-Hoc|iPhone
		{9623E251-07E5-4DA9-A653-C4B4B787806D}.Ad-Hoc|ARM.ActiveCfg = Ad-Hoc|iPhone
		{9623E251-07E5-4DA9-A653-C4B4B787806D}.Ad-Hoc|iPhone.ActiveCfg = Ad-Hoc|iPhone
		{9623E251-07E5-4DA9-A653-C4B4B787806D}.Ad-Hoc|iPhone.Build.0 = Ad-Hoc|iPhone
		{9623E251-07E5-4DA9-A653-C4B4B787806D}.Ad-Hoc|iPhoneSimulator.ActiveCfg = Ad-Hoc|iPhoneSimulator
		{9623E251-07E5-4DA9-A653-C4B4B787806D}.Ad-Hoc|iPhoneSimulator.Build.0 = Ad-Hoc|iPhoneSimulator
		{9623E251-07E5-4DA9-A653-C4B4B787806D}.Ad-Hoc|x64.ActiveCfg = Ad-Hoc|iPhone
		{9623E251-07E5-4DA9-A653-C4B4B787806D}.Ad-Hoc|x86.ActiveCfg = Ad-Hoc|iPhone
		{9623E251-07E5-4DA9-A653-C4B4B787806D}.AppStore|Any CPU.ActiveCfg = AppStore|iPhone
		{9623E251-07E5-4DA9-A653-C4B4B787806D}.AppStore|ARM.ActiveCfg = AppStore|iPhone
		{9623E251-07E5-4DA9-A653-C4B4B787806D}.AppStore|iPhone.ActiveCfg = AppStore|iPhone
		{9623E251-07E5-4DA9-A653-C4B4B787806D}.AppStore|iPhone.Build.0 = AppStore|iPhone
		{9623E251-07E5-4DA9-A653-C4B4B787806D}.AppStore|iPhoneSimulator.ActiveCfg = AppStore|iPhoneSimulator
		{9623E251-07E5-4DA9-A653-C4B4B787806D}.AppStore|iPhoneSimulator.Build.0 = AppStore|iPhoneSimulator
		{9623E251-07E5-4DA9-A653-C4B4B787806D}.AppStore|x64.ActiveCfg = AppStore|iPhone
		{9623E251-07E5-4DA9-A653-C4B4B787806D}.AppStore|x86.ActiveCfg = AppStore|iPhone
		{9623E251-07E5-4DA9-A653-C4B4B787806D}.Debug|Any CPU.ActiveCfg = Debug|iPhone
		{9623E251-07E5-4DA9-A653-C4B4B787806D}.Debug|Any CPU.Build.0 = Debug|iPhone
		{9623E251-07E5-4DA9-A653-C4B4B787806D}.Debug|ARM.ActiveCfg = Debug|iPhone
		{9623E251-07E5-4DA9-A653-C4B4B787806D}.Debug|iPhone.ActiveCfg = Debug|iPhone
		{9623E251-07E5-4DA9-A653-C4B4B787806D}.Debug|iPhone.Build.0 = Debug|iPhone
		{9623E251-07E5-4DA9-A653-C4B4B787806D}.Debug|iPhoneSimulator.ActiveCfg = Debug|iPhoneSimulator
		{9623E251-07E5-4DA9-A653-C4B4B787806D}.Debug|iPhoneSimulator.Build.0 = Debug|iPhoneSimulator
		{9623E251-07E5-4DA9-A653-C4B4B787806D}.Debug|x64.ActiveCfg = Debug|iPhone
		{9623E251-07E5-4DA9-A653-C4B4B787806D}.Debug|x86.ActiveCfg = Debug|iPhone
		{9623E251-07E5-4DA9-A653-C4B4B787806D}.Release|Any CPU.ActiveCfg = Release|iPhone
		{9623E251-07E5-4DA9-A653-C4B4B787806D}.Release|ARM.ActiveCfg = Release|iPhone
		{9623E251-07E5-4DA9-A653-C4B4B787806D}.Release|iPhone.ActiveCfg = Release|iPhone
		{9623E251-07E5-4DA9-A653-C4B4B787806D}.Release|iPhone.Build.0 = Release|iPhone
		{9623E251-07E5-4DA9-A653-C4B4B787806D}.Release|iPhoneSimulator.ActiveCfg = Release|iPhoneSimulator
		{9623E251-07E5-4DA9-A653-C4B4B787806D}.Release|iPhoneSimulator.Build.0 = Release|iPhoneSimulator
		{9623E251-07E5-4DA9-A653-C4B4B787806D}.Release|x64.ActiveCfg = Release|iPhone
		{9623E251-07E5-4DA9-A653-C4B4B787806D}.Release|x86.ActiveCfg = Release|iPhone
	EndGlobalSection
	GlobalSection(SolutionProperties) = preSolution
		HideSolutionNode = FALSE
	EndGlobalSection
	GlobalSection(ExtensibilityGlobals) = postSolution
		SolutionGuid = {41EDCCDF-4F4C-4B23-ADD7-25B2BBF6B434}
	EndGlobalSection
EndGlobal
